
Microsoft Visual Studio Solution File, Format Version 12.00
# Visual Studio Version 17
VisualStudioVersion = 17.14.36518.9 d17.14
MinimumVisualStudioVersion = 10.0.40219.1
Project("{2150E333-8FDC-42A3-9474-1A3956D46DE8}") = "Task 0", "Task 0", "{02EA681E-C7D8-13C7-8484-4AC65E1B71E8}"
EndProject
Project("{FAE04EC0-301F-11D3-BF4B-00C04F79EFBC}") = "Tyuiu.FilevaPA.Sprint6.Task0.V1.Lib", "Tyuiu.FilevaPA.Sprint6.Task0.V1.Lib\Tyuiu.FilevaPA.Sprint6.Task0.V1.Lib.csproj", "{BF3D75E7-24B3-4DBA-983F-94BC519F4DE4}"
EndProject
Project("{FAE04EC0-301F-11D3-BF4B-00C04F79EFBC}") = "Tyuiu.FilevaPA.Sprint6.Task0.V1.Test", "Tyuiu.FilevaPA.Sprint6.Task0.V1.Test\Tyuiu.FilevaPA.Sprint6.Task0.V1.Test.csproj", "{56F10DF2-77A3-4A40-BFCF-2527A9BC8CD9}"
EndProject
Project("{FAE04EC0-301F-11D3-BF4B-00C04F79EFBC}") = "WindowsFormsApp1", "WindowsFormsApp1\WindowsFormsApp1.csproj", "{3BC087E2-FA5C-48B7-ACD5-6C6D9AEC1D1B}"
EndProject
Project("{2150E333-8FDC-42A3-9474-1A3956D46DE8}") = "Task 1", "Task 1", "{E2FFD67C-29DB-420F-937B-2D0289CDE68C}"
EndProject
Project("{FAE04EC0-301F-11D3-BF4B-00C04F79EFBC}") = "Tyuiu.FilevaPA.Sprint6.Task1.V7.Test", "Tyuiu.FilevaPA.Sprint6.Task1.V7.Test\Tyuiu.FilevaPA.Sprint6.Task1.V7.Test.csproj", "{3D6B0F1A-95E3-4F7E-83E7-6C98F74E6BE6}"
EndProject
Project("{FAE04EC0-301F-11D3-BF4B-00C04F79EFBC}") = "Tyuiu.FilevaPA.Sprint6.Task1.V7.Lib", "Tyuiu.FilevaPA.Sprint6.Task1.V7.Lib\Tyuiu.FilevaPA.Sprint6.Task1.V7.Lib.csproj", "{63E715D8-FFF8-4157-A243-80A60E7CA38D}"
EndProject
Project("{FAE04EC0-301F-11D3-BF4B-00C04F79EFBC}") = "Tyuiu.FilevaP.Sprint6.Task1.V7", "Tyuiu.FilevaP.Sprint6.Task1.V7\Tyuiu.FilevaP.Sprint6.Task1.V7.csproj", "{C61870DE-29C8-4BEC-A8B4-94023F199ADE}"
EndProject
Project("{2150E333-8FDC-42A3-9474-1A3956D46DE8}") = "Task 2", "Task 2", "{C9480A1F-0299-401D-B40A-2A8B132DFADE}"
EndProject
Project("{FAE04EC0-301F-11D3-BF4B-00C04F79EFBC}") = "Tyuiu.FilevaPA.Sprint6.Task2.V15.Lib", "Tyuiu.FilevaPA.Sprint6.Task2.V15.Lib\Tyuiu.FilevaPA.Sprint6.Task2.V15.Lib.csproj", "{150E63B0-B1EC-4B26-8096-14772A0B1513}"
EndProject
Project("{FAE04EC0-301F-11D3-BF4B-00C04F79EFBC}") = "Tyuiu.FilevaPA.Sprint6.Task2.V15.Test", "Tyuiu.FilevaPA.Sprint6.Task2.V15.Test\Tyuiu.FilevaPA.Sprint6.Task2.V15.Test.csproj", "{7E4877B6-FB7A-4E9A-B3B6-BED66DE30162}"
EndProject
Project("{FAE04EC0-301F-11D3-BF4B-00C04F79EFBC}") = "Tyuiu.FilevaPA.Sprint6.Task2.V15", "Tyuiu.FilevaPA.Sprint6.Task2.V15\Tyuiu.FilevaPA.Sprint6.Task2.V15.csproj", "{E5A6C038-060A-4B9F-9ED2-77B1201FCE6B}"
EndProject
Project("{2150E333-8FDC-42A3-9474-1A3956D46DE8}") = "Task 3", "Task 3", "{BAA05E4A-850E-4149-B018-81F65306CEDD}"
EndProject
Project("{FAE04EC0-301F-11D3-BF4B-00C04F79EFBC}") = "Tyuiu.FilevaPA.Sprint6.Task3.V5", "Tyuiu.FilevaPA.Sprint6.Task3.V5\Tyuiu.FilevaPA.Sprint6.Task3.V5.csproj", "{2C637906-3197-499A-A926-829F7D6547BB}"
EndProject
Project("{FAE04EC0-301F-11D3-BF4B-00C04F79EFBC}") = "Tyuiu.FilevaPA.Sprint6.Task3.V5.Lib", "Tyuiu.FilevaPA.Sprint6.Task3.V5.Lib\Tyuiu.FilevaPA.Sprint6.Task3.V5.Lib.csproj", "{B7CA69EE-9E46-430B-945B-59F5F22DB41C}"
EndProject
Project("{2150E333-8FDC-42A3-9474-1A3956D46DE8}") = "Task 5", "Task 5", "{7B2DEEE7-DEA4-4BCB-818F-9F3D0A0DEBA8}"
EndProject
Project("{2150E333-8FDC-42A3-9474-1A3956D46DE8}") = "Task 4", "Task 4", "{369CB01D-A1A7-72D2-AABC-3F0945D148A2}"
EndProject
Project("{FAE04EC0-301F-11D3-BF4B-00C04F79EFBC}") = "Tyuiu.FilevaPA.Sprint6.Task4.V1", "Tyuiu.FilevaPA.Sprint6.Task4.V1\Tyuiu.FilevaPA.Sprint6.Task4.V1.csproj", "{4DC8220E-2A8E-483A-B4F0-54A5FCAC94A9}"
EndProject
Project("{FAE04EC0-301F-11D3-BF4B-00C04F79EFBC}") = "Tyuiu.FilevaPA.Sprint6.Task4.V1.Lib", "Tyuiu.FilevaPA.Sprint6.Task4.V1.Lib\Tyuiu.FilevaPA.Sprint6.Task4.V1.Lib.csproj", "{FD0983D2-CFDF-4614-A490-1C61591FF997}"
EndProject
Project("{FAE04EC0-301F-11D3-BF4B-00C04F79EFBC}") = "Tyuiu.FilevaPA.Sprint6.Task4.V1.Test", "Tyuiu.FilevaPA.Sprint6.Task4.V1.Test\Tyuiu.FilevaPA.Sprint6.Task4.V1.Test.csproj", "{012990DB-7319-4267-945E-82EC2F6707FB}"
EndProject
Project("{FAE04EC0-301F-11D3-BF4B-00C04F79EFBC}") = "Tyuiu.FilevaPA.Sprint6.Task5.V11", "Tyuiu.FilevaPA.Sprint6.Task5.V11\Tyuiu.FilevaPA.Sprint6.Task5.V11.csproj", "{146D41A7-3B3E-4392-A2E0-52A3F19F5805}"
EndProject
Project("{FAE04EC0-301F-11D3-BF4B-00C04F79EFBC}") = "Tyuiu.FilevaPA.Sprint6.Task5.V11.Lib", "Tyuiu.FilevaPA.Sprint6.Task5.V11.Lib\Tyuiu.FilevaPA.Sprint6.Task5.V11.Lib.csproj", "{294A9EF6-1A66-4FDC-AAA1-35E00A0EE175}"
EndProject
Project("{FAE04EC0-301F-11D3-BF4B-00C04F79EFBC}") = "Tyuiu.FilevaPA.Sprint6.Task5.V11.Test", "Tyuiu.FilevaPA.Sprint6.Task5.V11.Test\Tyuiu.FilevaPA.Sprint6.Task5.V11.Test.csproj", "{D80ED603-8422-449B-AF76-DB1DF5995B40}"
EndProject
Global
	GlobalSection(SolutionConfigurationPlatforms) = preSolution
		Debug|Any CPU = Debug|Any CPU
		Release|Any CPU = Release|Any CPU
	EndGlobalSection
	GlobalSection(ProjectConfigurationPlatforms) = postSolution
		{BF3D75E7-24B3-4DBA-983F-94BC519F4DE4}.Debug|Any CPU.ActiveCfg = Debug|Any CPU
		{BF3D75E7-24B3-4DBA-983F-94BC519F4DE4}.Debug|Any CPU.Build.0 = Debug|Any CPU
		{BF3D75E7-24B3-4DBA-983F-94BC519F4DE4}.Release|Any CPU.ActiveCfg = Release|Any CPU
		{BF3D75E7-24B3-4DBA-983F-94BC519F4DE4}.Release|Any CPU.Build.0 = Release|Any CPU
		{56F10DF2-77A3-4A40-BFCF-2527A9BC8CD9}.Debug|Any CPU.ActiveCfg = Debug|Any CPU
		{56F10DF2-77A3-4A40-BFCF-2527A9BC8CD9}.Debug|Any CPU.Build.0 = Debug|Any CPU
		{56F10DF2-77A3-4A40-BFCF-2527A9BC8CD9}.Release|Any CPU.ActiveCfg = Release|Any CPU
		{56F10DF2-77A3-4A40-BFCF-2527A9BC8CD9}.Release|Any CPU.Build.0 = Release|Any CPU
		{3BC087E2-FA5C-48B7-ACD5-6C6D9AEC1D1B}.Debug|Any CPU.ActiveCfg = Debug|Any CPU
		{3BC087E2-FA5C-48B7-ACD5-6C6D9AEC1D1B}.Debug|Any CPU.Build.0 = Debug|Any CPU
		{3BC087E2-FA5C-48B7-ACD5-6C6D9AEC1D1B}.Release|Any CPU.ActiveCfg = Release|Any CPU
		{3BC087E2-FA5C-48B7-ACD5-6C6D9AEC1D1B}.Release|Any CPU.Build.0 = Release|Any CPU
		{3D6B0F1A-95E3-4F7E-83E7-6C98F74E6BE6}.Debug|Any CPU.ActiveCfg = Debug|Any CPU
		{3D6B0F1A-95E3-4F7E-83E7-6C98F74E6BE6}.Debug|Any CPU.Build.0 = Debug|Any CPU
		{3D6B0F1A-95E3-4F7E-83E7-6C98F74E6BE6}.Release|Any CPU.ActiveCfg = Release|Any CPU
		{3D6B0F1A-95E3-4F7E-83E7-6C98F74E6BE6}.Release|Any CPU.Build.0 = Release|Any CPU
		{63E715D8-FFF8-4157-A243-80A60E7CA38D}.Debug|Any CPU.ActiveCfg = Debug|Any CPU
		{63E715D8-FFF8-4157-A243-80A60E7CA38D}.Debug|Any CPU.Build.0 = Debug|Any CPU
		{63E715D8-FFF8-4157-A243-80A60E7CA38D}.Release|Any CPU.ActiveCfg = Release|Any CPU
		{63E715D8-FFF8-4157-A243-80A60E7CA38D}.Release|Any CPU.Build.0 = Release|Any CPU
		{C61870DE-29C8-4BEC-A8B4-94023F199ADE}.Debug|Any CPU.ActiveCfg = Debug|Any CPU
		{C61870DE-29C8-4BEC-A8B4-94023F199ADE}.Debug|Any CPU.Build.0 = Debug|Any CPU
		{C61870DE-29C8-4BEC-A8B4-94023F199ADE}.Release|Any CPU.ActiveCfg = Release|Any CPU
		{C61870DE-29C8-4BEC-A8B4-94023F199ADE}.Release|Any CPU.Build.0 = Release|Any CPU
		{150E63B0-B1EC-4B26-8096-14772A0B1513}.Debug|Any CPU.ActiveCfg = Debug|Any CPU
		{150E63B0-B1EC-4B26-8096-14772A0B1513}.Debug|Any CPU.Build.0 = Debug|Any CPU
		{150E63B0-B1EC-4B26-8096-14772A0B1513}.Release|Any CPU.ActiveCfg = Release|Any CPU
		{150E63B0-B1EC-4B26-8096-14772A0B1513}.Release|Any CPU.Build.0 = Release|Any CPU
		{7E4877B6-FB7A-4E9A-B3B6-BED66DE30162}.Debug|Any CPU.ActiveCfg = Debug|Any CPU
		{7E4877B6-FB7A-4E9A-B3B6-BED66DE30162}.Debug|Any CPU.Build.0 = Debug|Any CPU
		{7E4877B6-FB7A-4E9A-B3B6-BED66DE30162}.Release|Any CPU.ActiveCfg = Release|Any CPU
		{7E4877B6-FB7A-4E9A-B3B6-BED66DE30162}.Release|Any CPU.Build.0 = Release|Any CPU
		{E5A6C038-060A-4B9F-9ED2-77B1201FCE6B}.Debug|Any CPU.ActiveCfg = Debug|Any CPU
		{E5A6C038-060A-4B9F-9ED2-77B1201FCE6B}.Debug|Any CPU.Build.0 = Debug|Any CPU
		{E5A6C038-060A-4B9F-9ED2-77B1201FCE6B}.Release|Any CPU.ActiveCfg = Release|Any CPU
		{E5A6C038-060A-4B9F-9ED2-77B1201FCE6B}.Release|Any CPU.Build.0 = Release|Any CPU
		{2C637906-3197-499A-A926-829F7D6547BB}.Debug|Any CPU.ActiveCfg = Debug|Any CPU
		{2C637906-3197-499A-A926-829F7D6547BB}.Debug|Any CPU.Build.0 = Debug|Any CPU
		{2C637906-3197-499A-A926-829F7D6547BB}.Release|Any CPU.ActiveCfg = Release|Any CPU
		{2C637906-3197-499A-A926-829F7D6547BB}.Release|Any CPU.Build.0 = Release|Any CPU
		{B7CA69EE-9E46-430B-945B-59F5F22DB41C}.Debug|Any CPU.ActiveCfg = Debug|Any CPU
		{B7CA69EE-9E46-430B-945B-59F5F22DB41C}.Debug|Any CPU.Build.0 = Debug|Any CPU
		{B7CA69EE-9E46-430B-945B-59F5F22DB41C}.Release|Any CPU.ActiveCfg = Release|Any CPU
		{B7CA69EE-9E46-430B-945B-59F5F22DB41C}.Release|Any CPU.Build.0 = Release|Any CPU
		{4DC8220E-2A8E-483A-B4F0-54A5FCAC94A9}.Debug|Any CPU.ActiveCfg = Debug|Any CPU
		{4DC8220E-2A8E-483A-B4F0-54A5FCAC94A9}.Debug|Any CPU.Build.0 = Debug|Any CPU
		{4DC8220E-2A8E-483A-B4F0-54A5FCAC94A9}.Release|Any CPU.ActiveCfg = Release|Any CPU
		{4DC8220E-2A8E-483A-B4F0-54A5FCAC94A9}.Release|Any CPU.Build.0 = Release|Any CPU
		{FD0983D2-CFDF-4614-A490-1C61591FF997}.Debug|Any CPU.ActiveCfg = Debug|Any CPU
		{FD0983D2-CFDF-4614-A490-1C61591FF997}.Debug|Any CPU.Build.0 = Debug|Any CPU
		{FD0983D2-CFDF-4614-A490-1C61591FF997}.Release|Any CPU.ActiveCfg = Release|Any CPU
		{FD0983D2-CFDF-4614-A490-1C61591FF997}.Release|Any CPU.Build.0 = Release|Any CPU
		{012990DB-7319-4267-945E-82EC2F6707FB}.Debug|Any CPU.ActiveCfg = Debug|Any CPU
		{012990DB-7319-4267-945E-82EC2F6707FB}.Debug|Any CPU.Build.0 = Debug|Any CPU
		{012990DB-7319-4267-945E-82EC2F6707FB}.Release|Any CPU.ActiveCfg = Release|Any CPU
		{012990DB-7319-4267-945E-82EC2F6707FB}.Release|Any CPU.Build.0 = Release|Any CPU
		{146D41A7-3B3E-4392-A2E0-52A3F19F5805}.Debug|Any CPU.ActiveCfg = Debug|Any CPU
		{146D41A7-3B3E-4392-A2E0-52A3F19F5805}.Debug|Any CPU.Build.0 = Debug|Any CPU
		{146D41A7-3B3E-4392-A2E0-52A3F19F5805}.Release|Any CPU.ActiveCfg = Release|Any CPU
		{146D41A7-3B3E-4392-A2E0-52A3F19F5805}.Release|Any CPU.Build.0 = Release|Any CPU
		{294A9EF6-1A66-4FDC-AAA1-35E00A0EE175}.Debug|Any CPU.ActiveCfg = Debug|Any CPU
		{294A9EF6-1A66-4FDC-AAA1-35E00A0EE175}.Debug|Any CPU.Build.0 = Debug|Any CPU
		{294A9EF6-1A66-4FDC-AAA1-35E00A0EE175}.Release|Any CPU.ActiveCfg = Release|Any CPU
		{294A9EF6-1A66-4FDC-AAA1-35E00A0EE175}.Release|Any CPU.Build.0 = Release|Any CPU
		{D80ED603-8422-449B-AF76-DB1DF5995B40}.Debug|Any CPU.ActiveCfg = Debug|Any CPU
		{D80ED603-8422-449B-AF76-DB1DF5995B40}.Debug|Any CPU.Build.0 = Debug|Any CPU
		{D80ED603-8422-449B-AF76-DB1DF5995B40}.Release|Any CPU.ActiveCfg = Release|Any CPU
		{D80ED603-8422-449B-AF76-DB1DF5995B40}.Release|Any CPU.Build.0 = Release|Any CPU
	EndGlobalSection
	GlobalSection(SolutionProperties) = preSolution
		HideSolutionNode = FALSE
	EndGlobalSection
	GlobalSection(NestedProjects) = preSolution
		{BF3D75E7-24B3-4DBA-983F-94BC519F4DE4} = {02EA681E-C7D8-13C7-8484-4AC65E1B71E8}
		{56F10DF2-77A3-4A40-BFCF-2527A9BC8CD9} = {02EA681E-C7D8-13C7-8484-4AC65E1B71E8}
		{3BC087E2-FA5C-48B7-ACD5-6C6D9AEC1D1B} = {02EA681E-C7D8-13C7-8484-4AC65E1B71E8}
		{3D6B0F1A-95E3-4F7E-83E7-6C98F74E6BE6} = {E2FFD67C-29DB-420F-937B-2D0289CDE68C}
		{63E715D8-FFF8-4157-A243-80A60E7CA38D} = {E2FFD67C-29DB-420F-937B-2D0289CDE68C}
		{C61870DE-29C8-4BEC-A8B4-94023F199ADE} = {E2FFD67C-29DB-420F-937B-2D0289CDE68C}
		{150E63B0-B1EC-4B26-8096-14772A0B1513} = {C9480A1F-0299-401D-B40A-2A8B132DFADE}
		{7E4877B6-FB7A-4E9A-B3B6-BED66DE30162} = {C9480A1F-0299-401D-B40A-2A8B132DFADE}
		{E5A6C038-060A-4B9F-9ED2-77B1201FCE6B} = {C9480A1F-0299-401D-B40A-2A8B132DFADE}
		{2C637906-3197-499A-A926-829F7D6547BB} = {BAA05E4A-850E-4149-B018-81F65306CEDD}
		{B7CA69EE-9E46-430B-945B-59F5F22DB41C} = {BAA05E4A-850E-4149-B018-81F65306CEDD}
		{4DC8220E-2A8E-483A-B4F0-54A5FCAC94A9} = {369CB01D-A1A7-72D2-AABC-3F0945D148A2}
		{FD0983D2-CFDF-4614-A490-1C61591FF997} = {369CB01D-A1A7-72D2-AABC-3F0945D148A2}
		{012990DB-7319-4267-945E-82EC2F6707FB} = {369CB01D-A1A7-72D2-AABC-3F0945D148A2}
		{146D41A7-3B3E-4392-A2E0-52A3F19F5805} = {7B2DEEE7-DEA4-4BCB-818F-9F3D0A0DEBA8}
		{294A9EF6-1A66-4FDC-AAA1-35E00A0EE175} = {7B2DEEE7-DEA4-4BCB-818F-9F3D0A0DEBA8}
		{D80ED603-8422-449B-AF76-DB1DF5995B40} = {7B2DEEE7-DEA4-4BCB-818F-9F3D0A0DEBA8}
	EndGlobalSection
	GlobalSection(ExtensibilityGlobals) = postSolution
		SolutionGuid = {D2E00ED6-9688-4D73-A718-C3A30A8125E6}
	EndGlobalSection
EndGlobal
