
Microsoft Visual Studio Solution File, Format Version 12.00
# Visual Studio Version 17
VisualStudioVersion = 17.14.36518.9 d17.14
MinimumVisualStudioVersion = 10.0.40219.1
Project("{2150E333-8FDC-42A3-9474-1A3956D46DE8}") = "Task 0", "Task 0", "{02EA681E-C7D8-13C7-8484-4AC65E1B71E8}"
EndProject
Project("{FAE04EC0-301F-11D3-BF4B-00C04F79EFBC}") = "Tyuiu.FilevaPA.Sprint6.Task0.V1.Lib", "Tyuiu.FilevaPA.Sprint6.Task0.V1.Lib\Tyuiu.FilevaPA.Sprint6.Task0.V1.Lib.csproj", "{BF3D75E7-24B3-4DBA-983F-94BC519F4DE4}"
EndProject
Project("{FAE04EC0-301F-11D3-BF4B-00C04F79EFBC}") = "Tyuiu.FilevaPA.Sprint6.Task0.V1.Test", "Tyuiu.FilevaPA.Sprint6.Task0.V1.Test\Tyuiu.FilevaPA.Sprint6.Task0.V1.Test.csproj", "{56F10DF2-77A3-4A40-BFCF-2527A9BC8CD9}"
EndProject
Project("{FAE04EC0-301F-11D3-BF4B-00C04F79EFBC}") = "WindowsFormsApp1", "WindowsFormsApp1\WindowsFormsApp1.csproj", "{3BC087E2-FA5C-48B7-ACD5-6C6D9AEC1D1B}"
EndProject
Project("{2150E333-8FDC-42A3-9474-1A3956D46DE8}") = "Task 1", "Task 1", "{E2FFD67C-29DB-420F-937B-2D0289CDE68C}"
EndProject
Project("{FAE04EC0-301F-11D3-BF4B-00C04F79EFBC}") = "Tyuiu.FilevaPA.Sprint6.Task1.V7.Test", "Tyuiu.FilevaPA.Sprint6.Task1.V7.Test\Tyuiu.FilevaPA.Sprint6.Task1.V7.Test.csproj", "{3D6B0F1A-95E3-4F7E-83E7-6C98F74E6BE6}"
EndProject
Project("{FAE04EC0-301F-11D3-BF4B-00C04F79EFBC}") = "Tyuiu.FilevaPA.Sprint6.Task1.V7.Lib", "Tyuiu.FilevaPA.Sprint6.Task1.V7.Lib\Tyuiu.FilevaPA.Sprint6.Task1.V7.Lib.csproj", "{63E715D8-FFF8-4157-A243-80A60E7CA38D}"
EndProject
Project("{FAE04EC0-301F-11D3-BF4B-00C04F79EFBC}") = "Tyuiu.FilevaP.Sprint6.Task1.V7", "Tyuiu.FilevaP.Sprint6.Task1.V7\Tyuiu.FilevaP.Sprint6.Task1.V7.csproj", "{C61870DE-29C8-4BEC-A8B4-94023F199ADE}"
EndProject
Project("{2150E333-8FDC-42A3-9474-1A3956D46DE8}") = "Task 2", "Task 2", "{C9480A1F-0299-401D-B40A-2A8B132DFADE}"
EndProject
Project("{FAE04EC0-301F-11D3-BF4B-00C04F79EFBC}") = "Tyuiu.FilevaP.Sprint6.Task2.V15", "Tyuiu.FilevaP.Sprint6.Task2.V15\Tyuiu.FilevaP.Sprint6.Task2.V15.csproj", "{5C4E366E-CC3F-4F3C-A9AD-5C8F1BF7FA0B}"
EndProject
Project("{FAE04EC0-301F-11D3-BF4B-00C04F79EFBC}") = "Tyuiu.FilevaP.Sprint6.Task2.V15.Lib", "Tyuiu.FilevaP.Sprint6.Task2.V15.Lib\Tyuiu.FilevaP.Sprint6.Task2.V15.Lib.csproj", "{1ECDD48F-F3E3-4E94-90C3-7C843D647792}"
EndProject
Project("{FAE04EC0-301F-11D3-BF4B-00C04F79EFBC}") = "Tyuiu.FilevaP.Sprint6.Task2.V15.Test", "Tyuiu.FilevaP.Sprint6.Task2.V15.Test\Tyuiu.FilevaP.Sprint6.Task2.V15.Test.csproj", "{892F6745-9340-4893-8AE8-14D99F006227}"
EndProject
Global
	GlobalSection(SolutionConfigurationPlatforms) = preSolution
		Debug|Any CPU = Debug|Any CPU
		Release|Any CPU = Release|Any CPU
	EndGlobalSection
	GlobalSection(ProjectConfigurationPlatforms) = postSolution
		{BF3D75E7-24B3-4DBA-983F-94BC519F4DE4}.Debug|Any CPU.ActiveCfg = Debug|Any CPU
		{BF3D75E7-24B3-4DBA-983F-94BC519F4DE4}.Debug|Any CPU.Build.0 = Debug|Any CPU
		{BF3D75E7-24B3-4DBA-983F-94BC519F4DE4}.Release|Any CPU.ActiveCfg = Release|Any CPU
		{BF3D75E7-24B3-4DBA-983F-94BC519F4DE4}.Release|Any CPU.Build.0 = Release|Any CPU
		{56F10DF2-77A3-4A40-BFCF-2527A9BC8CD9}.Debug|Any CPU.ActiveCfg = Debug|Any CPU
		{56F10DF2-77A3-4A40-BFCF-2527A9BC8CD9}.Debug|Any CPU.Build.0 = Debug|Any CPU
		{56F10DF2-77A3-4A40-BFCF-2527A9BC8CD9}.Release|Any CPU.ActiveCfg = Release|Any CPU
		{56F10DF2-77A3-4A40-BFCF-2527A9BC8CD9}.Release|Any CPU.Build.0 = Release|Any CPU
		{3BC087E2-FA5C-48B7-ACD5-6C6D9AEC1D1B}.Debug|Any CPU.ActiveCfg = Debug|Any CPU
		{3BC087E2-FA5C-48B7-ACD5-6C6D9AEC1D1B}.Debug|Any CPU.Build.0 = Debug|Any CPU
		{3BC087E2-FA5C-48B7-ACD5-6C6D9AEC1D1B}.Release|Any CPU.ActiveCfg = Release|Any CPU
		{3BC087E2-FA5C-48B7-ACD5-6C6D9AEC1D1B}.Release|Any CPU.Build.0 = Release|Any CPU
		{3D6B0F1A-95E3-4F7E-83E7-6C98F74E6BE6}.Debug|Any CPU.ActiveCfg = Debug|Any CPU
		{3D6B0F1A-95E3-4F7E-83E7-6C98F74E6BE6}.Debug|Any CPU.Build.0 = Debug|Any CPU
		{3D6B0F1A-95E3-4F7E-83E7-6C98F74E6BE6}.Release|Any CPU.ActiveCfg = Release|Any CPU
		{3D6B0F1A-95E3-4F7E-83E7-6C98F74E6BE6}.Release|Any CPU.Build.0 = Release|Any CPU
		{63E715D8-FFF8-4157-A243-80A60E7CA38D}.Debug|Any CPU.ActiveCfg = Debug|Any CPU
		{63E715D8-FFF8-4157-A243-80A60E7CA38D}.Debug|Any CPU.Build.0 = Debug|Any CPU
		{63E715D8-FFF8-4157-A243-80A60E7CA38D}.Release|Any CPU.ActiveCfg = Release|Any CPU
		{63E715D8-FFF8-4157-A243-80A60E7CA38D}.Release|Any CPU.Build.0 = Release|Any CPU
		{C61870DE-29C8-4BEC-A8B4-94023F199ADE}.Debug|Any CPU.ActiveCfg = Debug|Any CPU
		{C61870DE-29C8-4BEC-A8B4-94023F199ADE}.Debug|Any CPU.Build.0 = Debug|Any CPU
		{C61870DE-29C8-4BEC-A8B4-94023F199ADE}.Release|Any CPU.ActiveCfg = Release|Any CPU
		{C61870DE-29C8-4BEC-A8B4-94023F199ADE}.Release|Any CPU.Build.0 = Release|Any CPU
		{5C4E366E-CC3F-4F3C-A9AD-5C8F1BF7FA0B}.Debug|Any CPU.ActiveCfg = Debug|Any CPU
		{5C4E366E-CC3F-4F3C-A9AD-5C8F1BF7FA0B}.Debug|Any CPU.Build.0 = Debug|Any CPU
		{5C4E366E-CC3F-4F3C-A9AD-5C8F1BF7FA0B}.Release|Any CPU.ActiveCfg = Release|Any CPU
		{5C4E366E-CC3F-4F3C-A9AD-5C8F1BF7FA0B}.Release|Any CPU.Build.0 = Release|Any CPU
		{1ECDD48F-F3E3-4E94-90C3-7C843D647792}.Debug|Any CPU.ActiveCfg = Debug|Any CPU
		{1ECDD48F-F3E3-4E94-90C3-7C843D647792}.Debug|Any CPU.Build.0 = Debug|Any CPU
		{1ECDD48F-F3E3-4E94-90C3-7C843D647792}.Release|Any CPU.ActiveCfg = Release|Any CPU
		{1ECDD48F-F3E3-4E94-90C3-7C843D647792}.Release|Any CPU.Build.0 = Release|Any CPU
		{892F6745-9340-4893-8AE8-14D99F006227}.Debug|Any CPU.ActiveCfg = Debug|Any CPU
		{892F6745-9340-4893-8AE8-14D99F006227}.Debug|Any CPU.Build.0 = Debug|Any CPU
		{892F6745-9340-4893-8AE8-14D99F006227}.Release|Any CPU.ActiveCfg = Release|Any CPU
		{892F6745-9340-4893-8AE8-14D99F006227}.Release|Any CPU.Build.0 = Release|Any CPU
	EndGlobalSection
	GlobalSection(SolutionProperties) = preSolution
		HideSolutionNode = FALSE
	EndGlobalSection
	GlobalSection(NestedProjects) = preSolution
		{BF3D75E7-24B3-4DBA-983F-94BC519F4DE4} = {02EA681E-C7D8-13C7-8484-4AC65E1B71E8}
		{56F10DF2-77A3-4A40-BFCF-2527A9BC8CD9} = {02EA681E-C7D8-13C7-8484-4AC65E1B71E8}
		{3BC087E2-FA5C-48B7-ACD5-6C6D9AEC1D1B} = {02EA681E-C7D8-13C7-8484-4AC65E1B71E8}
		{3D6B0F1A-95E3-4F7E-83E7-6C98F74E6BE6} = {E2FFD67C-29DB-420F-937B-2D0289CDE68C}
		{63E715D8-FFF8-4157-A243-80A60E7CA38D} = {E2FFD67C-29DB-420F-937B-2D0289CDE68C}
		{C61870DE-29C8-4BEC-A8B4-94023F199ADE} = {E2FFD67C-29DB-420F-937B-2D0289CDE68C}
		{5C4E366E-CC3F-4F3C-A9AD-5C8F1BF7FA0B} = {C9480A1F-0299-401D-B40A-2A8B132DFADE}
		{1ECDD48F-F3E3-4E94-90C3-7C843D647792} = {C9480A1F-0299-401D-B40A-2A8B132DFADE}
		{892F6745-9340-4893-8AE8-14D99F006227} = {C9480A1F-0299-401D-B40A-2A8B132DFADE}
	EndGlobalSection
	GlobalSection(ExtensibilityGlobals) = postSolution
		SolutionGuid = {D2E00ED6-9688-4D73-A718-C3A30A8125E6}
	EndGlobalSection
EndGlobal
